%{"beaker": {:hex, :beaker, "0.0.3"},
  "cowboy": {:hex, :cowboy, "1.0.0"},
  "cowlib": {:hex, :cowlib, "1.0.1"},
  "edown": {:git, "git://github.com/uwiger/edown.git", "d62ec85281e451a46ba30045917c119d65b72a84", [ref: "0.5"]},
  "exirc": {:git, "git://github.com/bitwalker/exirc.git", "194f2c2d7d8c2ffb02d5491a0c01c0b18eab57be", []},
  "exml": {:git, "git://github.com/expelledboy/exml.git", "64ad796d5637c81168c8109a53bcc300b73825ea", []},
  "expletive": {:hex, :expletive, "0.1.4"},
  "exprintf": {:git, "git://github.com/parroty/exprintf.git", "5e71122ca40b0a9e0c8d4f57d64a8004b9d007ef", []},
  "hackney": {:hex, :hackney, "1.1.0"},
  "httpoison": {:hex, :httpoison, "0.7.0"},
  "idna": {:hex, :idna, "1.0.2"},
  "jobs": {:git, "git://github.com/uwiger/jobs.git", "68acac0bd771d006c9aeb615dbe1560a63517619", [tag: "HEAD"]},
  "meck": {:git, "git://github.com/eproxus/meck.git", "dde759050eff19a1a80fd854d7375174b191665d", [ref: "0.8.2"]},
  "oauth2": {:hex, :oauth2, "0.1.1"},
  "parse_trans": {:git, "git://github.com/uwiger/parse_trans.git", "763462825e4ce4660d43e6511078489ea50cdeca", [ref: "2.8"]},
  "plug": {:hex, :plug, "0.13.0"},
  "poison": {:hex, :poison, "1.4.0"},
  "poolboy": {:git, "git://github.com/devinus/poolboy.git", "3bb48a893ff5598f7c73731ac17545206d259fac", []},
  "porcelain": {:hex, :porcelain, "2.0.0"},
  "quantum": {:hex, :quantum, "1.2.4"},
  "ranch": {:hex, :ranch, "1.0.0"},
  "rest_twitch": {:git, "git@github.com:rockerBOO/rest_twitch.git", "5f432001112c2434afa327f19f0bb24928880046", []},
  "socket": {:hex, :socket, "0.2.8"},
  "ssl_verify_hostname": {:hex, :ssl_verify_hostname, "1.0.5"},
  "timex": {:hex, :timex, "0.12.9"}}
