%{"cowboy": {:hex, :cowboy, "1.0.0"},
  "cowlib": {:hex, :cowlib, "1.0.1"},
  "exirc": {:git, "git://github.com/bitwalker/exirc.git", "194f2c2d7d8c2ffb02d5491a0c01c0b18eab57be", []},
  "exprintf": {:git, "git://github.com/parroty/exprintf.git", "5e71122ca40b0a9e0c8d4f57d64a8004b9d007ef", []},
  "hackney": {:hex, :hackney, "1.1.0"},
  "httpoison": {:hex, :httpoison, "0.7.0"},
  "idna": {:hex, :idna, "1.0.2"},
  "oauth2": {:hex, :oauth2, "0.1.1"},
  "plug": {:hex, :plug, "0.13.0"},
  "poison": {:hex, :poison, "1.4.0"},
  "poolboy": {:git, "git://github.com/devinus/poolboy.git", "3bb48a893ff5598f7c73731ac17545206d259fac", []},
  "ranch": {:hex, :ranch, "1.0.0"},
  "socket": {:hex, :socket, "0.2.8"},
  "ssl_verify_hostname": {:hex, :ssl_verify_hostname, "1.0.5"},
  "timex": {:hex, :timex, "0.12.9"}}
